
Microsoft Visual Studio Solution File, Format Version 12.00
# Visual Studio Version 17
VisualStudioVersion = 17.9.34723.18
MinimumVisualStudioVersion = 10.0.40219.1
Project("{FAE04EC0-301F-11D3-BF4B-00C04F79EFBC}") = "ManagementUI_CourierApp", "ManagementUI_CourierApp\ManagementUI_CourierApp.csproj", "{BE9FD17E-5496-4B2B-990E-A0D79001E7FD}"
EndProject
Global
	GlobalSection(SolutionConfigurationPlatforms) = preSolution
		Debug|Any CPU = Debug|Any CPU
		Release|Any CPU = Release|Any CPU
	EndGlobalSection
	GlobalSection(ProjectConfigurationPlatforms) = postSolution
		{BE9FD17E-5496-4B2B-990E-A0D79001E7FD}.Debug|Any CPU.ActiveCfg = Debug|Any CPU
		{BE9FD17E-5496-4B2B-990E-A0D79001E7FD}.Debug|Any CPU.Build.0 = Debug|Any CPU
		{BE9FD17E-5496-4B2B-990E-A0D79001E7FD}.Release|Any CPU.ActiveCfg = Release|Any CPU
		{BE9FD17E-5496-4B2B-990E-A0D79001E7FD}.Release|Any CPU.Build.0 = Release|Any CPU
	EndGlobalSection
	GlobalSection(SolutionProperties) = preSolution
		HideSolutionNode = FALSE
	EndGlobalSection
	GlobalSection(ExtensibilityGlobals) = postSolution
		SolutionGuid = {E48D8F06-F9AA-4FB4-8FAA-76D2EB3DCF7B}
	EndGlobalSection
EndGlobal
